// !$*UTF8*$!
{
	archiveVersion = 1;
	classes = {
	};
	objectVersion = 50;
	objects = {

/* Begin PBXBuildFile section */
		79D7030B22D7EC4B004957BF /* AppDelegate.swift in Sources */ = {isa = PBXBuildFile; fileRef = 79D7030A22D7EC4B004957BF /* AppDelegate.swift */; };
		79D7030D22D7EC4B004957BF /* ViewController.swift in Sources */ = {isa = PBXBuildFile; fileRef = 79D7030C22D7EC4B004957BF /* ViewController.swift */; };
		79D7031022D7EC4B004957BF /* Main.storyboard in Resources */ = {isa = PBXBuildFile; fileRef = 79D7030E22D7EC4B004957BF /* Main.storyboard */; };
		79D7031222D7EC4E004957BF /* Assets.xcassets in Resources */ = {isa = PBXBuildFile; fileRef = 79D7031122D7EC4E004957BF /* Assets.xcassets */; };
		79D7031522D7EC4E004957BF /* LaunchScreen.storyboard in Resources */ = {isa = PBXBuildFile; fileRef = 79D7031322D7EC4E004957BF /* LaunchScreen.storyboard */; };
		79D7032022D7EC4E004957BF /* WallsColorDemoTests.swift in Sources */ = {isa = PBXBuildFile; fileRef = 79D7031F22D7EC4E004957BF /* WallsColorDemoTests.swift */; };
		79D7032B22D7EC4E004957BF /* WallsColorDemoUITests.swift in Sources */ = {isa = PBXBuildFile; fileRef = 79D7032A22D7EC4E004957BF /* WallsColorDemoUITests.swift */; };
		79D7033E22D7ECC5004957BF /* AssetsLibrary.framework in Frameworks */ = {isa = PBXBuildFile; fileRef = 79D7033D22D7ECC5004957BF /* AssetsLibrary.framework */; };
		79D7034022D7ECCD004957BF /* CoreGraphics.framework in Frameworks */ = {isa = PBXBuildFile; fileRef = 79D7033F22D7ECCD004957BF /* CoreGraphics.framework */; };
		79D7034222D7ECD6004957BF /* CoreMedia.framework in Frameworks */ = {isa = PBXBuildFile; fileRef = 79D7034122D7ECD6004957BF /* CoreMedia.framework */; };
		79D7034422D7ECDD004957BF /* Accelerate.framework in Frameworks */ = {isa = PBXBuildFile; fileRef = 79D7034322D7ECDD004957BF /* Accelerate.framework */; };
		79D7034822D7ED65004957BF /* OpenCVWrapper.mm in Sources */ = {isa = PBXBuildFile; fileRef = 79D7034722D7ED65004957BF /* OpenCVWrapper.mm */; };
		79D7034B22D807F3004957BF /* opencv2.framework in Frameworks */ = {isa = PBXBuildFile; fileRef = 79D7034A22D807F3004957BF /* opencv2.framework */; };
/* End PBXBuildFile section */

/* Begin PBXContainerItemProxy section */
		79D7031C22D7EC4E004957BF /* PBXContainerItemProxy */ = {
			isa = PBXContainerItemProxy;
			containerPortal = 79D702FF22D7EC4B004957BF /* Project object */;
			proxyType = 1;
			remoteGlobalIDString = 79D7030622D7EC4B004957BF;
			remoteInfo = WallsColorDemo;
		};
		79D7032722D7EC4E004957BF /* PBXContainerItemProxy */ = {
			isa = PBXContainerItemProxy;
			containerPortal = 79D702FF22D7EC4B004957BF /* Project object */;
			proxyType = 1;
			remoteGlobalIDString = 79D7030622D7EC4B004957BF;
			remoteInfo = WallsColorDemo;
		};
/* End PBXContainerItemProxy section */

/* Begin PBXFileReference section */
		79D7030722D7EC4B004957BF /* WallsColorDemo.app */ = {isa = PBXFileReference; explicitFileType = wrapper.application; includeInIndex = 0; path = WallsColorDemo.app; sourceTree = BUILT_PRODUCTS_DIR; };
		79D7030A22D7EC4B004957BF /* AppDelegate.swift */ = {isa = PBXFileReference; lastKnownFileType = sourcecode.swift; path = AppDelegate.swift; sourceTree = "<group>"; };
		79D7030C22D7EC4B004957BF /* ViewController.swift */ = {isa = PBXFileReference; lastKnownFileType = sourcecode.swift; path = ViewController.swift; sourceTree = "<group>"; };
		79D7030F22D7EC4B004957BF /* Base */ = {isa = PBXFileReference; lastKnownFileType = file.storyboard; name = Base; path = Base.lproj/Main.storyboard; sourceTree = "<group>"; };
		79D7031122D7EC4E004957BF /* Assets.xcassets */ = {isa = PBXFileReference; lastKnownFileType = folder.assetcatalog; path = Assets.xcassets; sourceTree = "<group>"; };
		79D7031422D7EC4E004957BF /* Base */ = {isa = PBXFileReference; lastKnownFileType = file.storyboard; name = Base; path = Base.lproj/LaunchScreen.storyboard; sourceTree = "<group>"; };
		79D7031622D7EC4E004957BF /* Info.plist */ = {isa = PBXFileReference; lastKnownFileType = text.plist.xml; path = Info.plist; sourceTree = "<group>"; };
		79D7031B22D7EC4E004957BF /* WallsColorDemoTests.xctest */ = {isa = PBXFileReference; explicitFileType = wrapper.cfbundle; includeInIndex = 0; path = WallsColorDemoTests.xctest; sourceTree = BUILT_PRODUCTS_DIR; };
		79D7031F22D7EC4E004957BF /* WallsColorDemoTests.swift */ = {isa = PBXFileReference; lastKnownFileType = sourcecode.swift; path = WallsColorDemoTests.swift; sourceTree = "<group>"; };
		79D7032122D7EC4E004957BF /* Info.plist */ = {isa = PBXFileReference; lastKnownFileType = text.plist.xml; path = Info.plist; sourceTree = "<group>"; };
		79D7032622D7EC4E004957BF /* WallsColorDemoUITests.xctest */ = {isa = PBXFileReference; explicitFileType = wrapper.cfbundle; includeInIndex = 0; path = WallsColorDemoUITests.xctest; sourceTree = BUILT_PRODUCTS_DIR; };
		79D7032A22D7EC4E004957BF /* WallsColorDemoUITests.swift */ = {isa = PBXFileReference; lastKnownFileType = sourcecode.swift; path = WallsColorDemoUITests.swift; sourceTree = "<group>"; };
		79D7032C22D7EC4E004957BF /* Info.plist */ = {isa = PBXFileReference; lastKnownFileType = text.plist.xml; path = Info.plist; sourceTree = "<group>"; };
		79D7033B22D7ECBD004957BF /* opencv2.framework */ = {isa = PBXFileReference; lastKnownFileType = wrapper.framework; name = opencv2.framework; path = ../../Downloads/opencv2.framework; sourceTree = "<group>"; };
		79D7033D22D7ECC5004957BF /* AssetsLibrary.framework */ = {isa = PBXFileReference; lastKnownFileType = wrapper.framework; name = AssetsLibrary.framework; path = System/Library/Frameworks/AssetsLibrary.framework; sourceTree = SDKROOT; };
		79D7033F22D7ECCD004957BF /* CoreGraphics.framework */ = {isa = PBXFileReference; lastKnownFileType = wrapper.framework; name = CoreGraphics.framework; path = System/Library/Frameworks/CoreGraphics.framework; sourceTree = SDKROOT; };
		79D7034122D7ECD6004957BF /* CoreMedia.framework */ = {isa = PBXFileReference; lastKnownFileType = wrapper.framework; name = CoreMedia.framework; path = System/Library/Frameworks/CoreMedia.framework; sourceTree = SDKROOT; };
		79D7034322D7ECDD004957BF /* Accelerate.framework */ = {isa = PBXFileReference; lastKnownFileType = wrapper.framework; name = Accelerate.framework; path = System/Library/Frameworks/Accelerate.framework; sourceTree = SDKROOT; };
		79D7034522D7ED64004957BF /* WallsColorDemo-Bridging-Header.h */ = {isa = PBXFileReference; lastKnownFileType = sourcecode.c.h; path = "WallsColorDemo-Bridging-Header.h"; sourceTree = "<group>"; };
		79D7034622D7ED65004957BF /* OpenCVWrapper.h */ = {isa = PBXFileReference; lastKnownFileType = sourcecode.c.h; path = OpenCVWrapper.h; sourceTree = "<group>"; };
		79D7034722D7ED65004957BF /* OpenCVWrapper.mm */ = {isa = PBXFileReference; lastKnownFileType = sourcecode.cpp.objcpp; path = OpenCVWrapper.mm; sourceTree = "<group>"; };
		79D7034922D7F054004957BF /* PrefixHeader.pch */ = {isa = PBXFileReference; lastKnownFileType = sourcecode.c.h; path = PrefixHeader.pch; sourceTree = "<group>"; };
		79D7034A22D807F3004957BF /* opencv2.framework */ = {isa = PBXFileReference; lastKnownFileType = wrapper.framework; path = opencv2.framework; sourceTree = "<group>"; };
/* End PBXFileReference section */

/* Begin PBXFrameworksBuildPhase section */
		79D7030422D7EC4B004957BF /* Frameworks */ = {
			isa = PBXFrameworksBuildPhase;
			buildActionMask = 2147483647;
			files = (
				79D7034B22D807F3004957BF /* opencv2.framework in Frameworks */,
				79D7034422D7ECDD004957BF /* Accelerate.framework in Frameworks */,
				79D7034222D7ECD6004957BF /* CoreMedia.framework in Frameworks */,
				79D7034022D7ECCD004957BF /* CoreGraphics.framework in Frameworks */,
				79D7033E22D7ECC5004957BF /* AssetsLibrary.framework in Frameworks */,
			);
			runOnlyForDeploymentPostprocessing = 0;
		};
		79D7031822D7EC4E004957BF /* Frameworks */ = {
			isa = PBXFrameworksBuildPhase;
			buildActionMask = 2147483647;
			files = (
			);
			runOnlyForDeploymentPostprocessing = 0;
		};
		79D7032322D7EC4E004957BF /* Frameworks */ = {
			isa = PBXFrameworksBuildPhase;
			buildActionMask = 2147483647;
			files = (
			);
			runOnlyForDeploymentPostprocessing = 0;
		};
/* End PBXFrameworksBuildPhase section */

/* Begin PBXGroup section */
		79D702FE22D7EC4B004957BF = {
			isa = PBXGroup;
			children = (
				79D7034A22D807F3004957BF /* opencv2.framework */,
				79D7030922D7EC4B004957BF /* WallsColorDemo */,
				79D7031E22D7EC4E004957BF /* WallsColorDemoTests */,
				79D7032922D7EC4E004957BF /* WallsColorDemoUITests */,
				79D7030822D7EC4B004957BF /* Products */,
				79D7033A22D7ECBD004957BF /* Frameworks */,
			);
			sourceTree = "<group>";
		};
		79D7030822D7EC4B004957BF /* Products */ = {
			isa = PBXGroup;
			children = (
				79D7030722D7EC4B004957BF /* WallsColorDemo.app */,
				79D7031B22D7EC4E004957BF /* WallsColorDemoTests.xctest */,
				79D7032622D7EC4E004957BF /* WallsColorDemoUITests.xctest */,
			);
			name = Products;
			sourceTree = "<group>";
		};
		79D7030922D7EC4B004957BF /* WallsColorDemo */ = {
			isa = PBXGroup;
			children = (
				79D7030A22D7EC4B004957BF /* AppDelegate.swift */,
				79D7030C22D7EC4B004957BF /* ViewController.swift */,
				79D7030E22D7EC4B004957BF /* Main.storyboard */,
				79D7031122D7EC4E004957BF /* Assets.xcassets */,
				79D7031322D7EC4E004957BF /* LaunchScreen.storyboard */,
				79D7031622D7EC4E004957BF /* Info.plist */,
				79D7034622D7ED65004957BF /* OpenCVWrapper.h */,
				79D7034722D7ED65004957BF /* OpenCVWrapper.mm */,
				79D7034522D7ED64004957BF /* WallsColorDemo-Bridging-Header.h */,
				79D7034922D7F054004957BF /* PrefixHeader.pch */,
			);
			path = WallsColorDemo;
			sourceTree = "<group>";
		};
		79D7031E22D7EC4E004957BF /* WallsColorDemoTests */ = {
			isa = PBXGroup;
			children = (
				79D7031F22D7EC4E004957BF /* WallsColorDemoTests.swift */,
				79D7032122D7EC4E004957BF /* Info.plist */,
			);
			path = WallsColorDemoTests;
			sourceTree = "<group>";
		};
		79D7032922D7EC4E004957BF /* WallsColorDemoUITests */ = {
			isa = PBXGroup;
			children = (
				79D7032A22D7EC4E004957BF /* WallsColorDemoUITests.swift */,
				79D7032C22D7EC4E004957BF /* Info.plist */,
			);
			path = WallsColorDemoUITests;
			sourceTree = "<group>";
		};
		79D7033A22D7ECBD004957BF /* Frameworks */ = {
			isa = PBXGroup;
			children = (
				79D7034322D7ECDD004957BF /* Accelerate.framework */,
				79D7034122D7ECD6004957BF /* CoreMedia.framework */,
				79D7033F22D7ECCD004957BF /* CoreGraphics.framework */,
				79D7033D22D7ECC5004957BF /* AssetsLibrary.framework */,
				79D7033B22D7ECBD004957BF /* opencv2.framework */,
			);
			name = Frameworks;
			sourceTree = "<group>";
		};
/* End PBXGroup section */

/* Begin PBXNativeTarget section */
		79D7030622D7EC4B004957BF /* WallsColorDemo */ = {
			isa = PBXNativeTarget;
			buildConfigurationList = 79D7032F22D7EC4E004957BF /* Build configuration list for PBXNativeTarget "WallsColorDemo" */;
			buildPhases = (
				79D7030322D7EC4B004957BF /* Sources */,
				79D7030422D7EC4B004957BF /* Frameworks */,
				79D7030522D7EC4B004957BF /* Resources */,
			);
			buildRules = (
			);
			dependencies = (
			);
			name = WallsColorDemo;
			productName = WallsColorDemo;
			productReference = 79D7030722D7EC4B004957BF /* WallsColorDemo.app */;
			productType = "com.apple.product-type.application";
		};
		79D7031A22D7EC4E004957BF /* WallsColorDemoTests */ = {
			isa = PBXNativeTarget;
			buildConfigurationList = 79D7033222D7EC4E004957BF /* Build configuration list for PBXNativeTarget "WallsColorDemoTests" */;
			buildPhases = (
				79D7031722D7EC4E004957BF /* Sources */,
				79D7031822D7EC4E004957BF /* Frameworks */,
				79D7031922D7EC4E004957BF /* Resources */,
			);
			buildRules = (
			);
			dependencies = (
				79D7031D22D7EC4E004957BF /* PBXTargetDependency */,
			);
			name = WallsColorDemoTests;
			productName = WallsColorDemoTests;
			productReference = 79D7031B22D7EC4E004957BF /* WallsColorDemoTests.xctest */;
			productType = "com.apple.product-type.bundle.unit-test";
		};
		79D7032522D7EC4E004957BF /* WallsColorDemoUITests */ = {
			isa = PBXNativeTarget;
			buildConfigurationList = 79D7033522D7EC4E004957BF /* Build configuration list for PBXNativeTarget "WallsColorDemoUITests" */;
			buildPhases = (
				79D7032222D7EC4E004957BF /* Sources */,
				79D7032322D7EC4E004957BF /* Frameworks */,
				79D7032422D7EC4E004957BF /* Resources */,
			);
			buildRules = (
			);
			dependencies = (
				79D7032822D7EC4E004957BF /* PBXTargetDependency */,
			);
			name = WallsColorDemoUITests;
			productName = WallsColorDemoUITests;
			productReference = 79D7032622D7EC4E004957BF /* WallsColorDemoUITests.xctest */;
			productType = "com.apple.product-type.bundle.ui-testing";
		};
/* End PBXNativeTarget section */

/* Begin PBXProject section */
		79D702FF22D7EC4B004957BF /* Project object */ = {
			isa = PBXProject;
			attributes = {
				LastSwiftUpdateCheck = 1020;
				LastUpgradeCheck = 1020;
				ORGANIZATIONNAME = Junior;
				TargetAttributes = {
					79D7030622D7EC4B004957BF = {
						CreatedOnToolsVersion = 10.2;
						LastSwiftMigration = 1020;
					};
					79D7031A22D7EC4E004957BF = {
						CreatedOnToolsVersion = 10.2;
						TestTargetID = 79D7030622D7EC4B004957BF;
					};
					79D7032522D7EC4E004957BF = {
						CreatedOnToolsVersion = 10.2;
						TestTargetID = 79D7030622D7EC4B004957BF;
					};
				};
			};
			buildConfigurationList = 79D7030222D7EC4B004957BF /* Build configuration list for PBXProject "WallsColorDemo" */;
			compatibilityVersion = "Xcode 9.3";
			developmentRegion = en;
			hasScannedForEncodings = 0;
			knownRegions = (
				en,
				Base,
			);
			mainGroup = 79D702FE22D7EC4B004957BF;
			productRefGroup = 79D7030822D7EC4B004957BF /* Products */;
			projectDirPath = "";
			projectRoot = "";
			targets = (
				79D7030622D7EC4B004957BF /* WallsColorDemo */,
				79D7031A22D7EC4E004957BF /* WallsColorDemoTests */,
				79D7032522D7EC4E004957BF /* WallsColorDemoUITests */,
			);
		};
/* End PBXProject section */

/* Begin PBXResourcesBuildPhase section */
		79D7030522D7EC4B004957BF /* Resources */ = {
			isa = PBXResourcesBuildPhase;
			buildActionMask = 2147483647;
			files = (
				79D7031522D7EC4E004957BF /* LaunchScreen.storyboard in Resources */,
				79D7031222D7EC4E004957BF /* Assets.xcassets in Resources */,
				79D7031022D7EC4B004957BF /* Main.storyboard in Resources */,
			);
			runOnlyForDeploymentPostprocessing = 0;
		};
		79D7031922D7EC4E004957BF /* Resources */ = {
			isa = PBXResourcesBuildPhase;
			buildActionMask = 2147483647;
			files = (
			);
			runOnlyForDeploymentPostprocessing = 0;
		};
		79D7032422D7EC4E004957BF /* Resources */ = {
			isa = PBXResourcesBuildPhase;
			buildActionMask = 2147483647;
			files = (
			);
			runOnlyForDeploymentPostprocessing = 0;
		};
/* End PBXResourcesBuildPhase section */

/* Begin PBXSourcesBuildPhase section */
		79D7030322D7EC4B004957BF /* Sources */ = {
			isa = PBXSourcesBuildPhase;
			buildActionMask = 2147483647;
			files = (
				79D7030D22D7EC4B004957BF /* ViewController.swift in Sources */,
				79D7030B22D7EC4B004957BF /* AppDelegate.swift in Sources */,
				79D7034822D7ED65004957BF /* OpenCVWrapper.mm in Sources */,
			);
			runOnlyForDeploymentPostprocessing = 0;
		};
		79D7031722D7EC4E004957BF /* Sources */ = {
			isa = PBXSourcesBuildPhase;
			buildActionMask = 2147483647;
			files = (
				79D7032022D7EC4E004957BF /* WallsColorDemoTests.swift in Sources */,
			);
			runOnlyForDeploymentPostprocessing = 0;
		};
		79D7032222D7EC4E004957BF /* Sources */ = {
			isa = PBXSourcesBuildPhase;
			buildActionMask = 2147483647;
			files = (
				79D7032B22D7EC4E004957BF /* WallsColorDemoUITests.swift in Sources */,
			);
			runOnlyForDeploymentPostprocessing = 0;
		};
/* End PBXSourcesBuildPhase section */

/* Begin PBXTargetDependency section */
		79D7031D22D7EC4E004957BF /* PBXTargetDependency */ = {
			isa = PBXTargetDependency;
			target = 79D7030622D7EC4B004957BF /* WallsColorDemo */;
			targetProxy = 79D7031C22D7EC4E004957BF /* PBXContainerItemProxy */;
		};
		79D7032822D7EC4E004957BF /* PBXTargetDependency */ = {
			isa = PBXTargetDependency;
			target = 79D7030622D7EC4B004957BF /* WallsColorDemo */;
			targetProxy = 79D7032722D7EC4E004957BF /* PBXContainerItemProxy */;
		};
/* End PBXTargetDependency section */

/* Begin PBXVariantGroup section */
		79D7030E22D7EC4B004957BF /* Main.storyboard */ = {
			isa = PBXVariantGroup;
			children = (
				79D7030F22D7EC4B004957BF /* Base */,
			);
			name = Main.storyboard;
			sourceTree = "<group>";
		};
		79D7031322D7EC4E004957BF /* LaunchScreen.storyboard */ = {
			isa = PBXVariantGroup;
			children = (
				79D7031422D7EC4E004957BF /* Base */,
			);
			name = LaunchScreen.storyboard;
			sourceTree = "<group>";
		};
/* End PBXVariantGroup section */

/* Begin XCBuildConfiguration section */
		79D7032D22D7EC4E004957BF /* Debug */ = {
			isa = XCBuildConfiguration;
			buildSettings = {
				ALWAYS_SEARCH_USER_PATHS = NO;
				CLANG_ANALYZER_NONNULL = YES;
				CLANG_ANALYZER_NUMBER_OBJECT_CONVERSION = YES_AGGRESSIVE;
				CLANG_CXX_LANGUAGE_STANDARD = "gnu++14";
				CLANG_CXX_LIBRARY = "libc++";
				CLANG_ENABLE_MODULES = YES;
				CLANG_ENABLE_OBJC_ARC = YES;
				CLANG_ENABLE_OBJC_WEAK = YES;
				CLANG_WARN_BLOCK_CAPTURE_AUTORELEASING = YES;
				CLANG_WARN_BOOL_CONVERSION = YES;
				CLANG_WARN_COMMA = YES;
				CLANG_WARN_CONSTANT_CONVERSION = YES;
				CLANG_WARN_DEPRECATED_OBJC_IMPLEMENTATIONS = YES;
				CLANG_WARN_DIRECT_OBJC_ISA_USAGE = YES_ERROR;
				CLANG_WARN_DOCUMENTATION_COMMENTS = YES;
				CLANG_WARN_EMPTY_BODY = YES;
				CLANG_WARN_ENUM_CONVERSION = YES;
				CLANG_WARN_INFINITE_RECURSION = YES;
				CLANG_WARN_INT_CONVERSION = YES;
				CLANG_WARN_NON_LITERAL_NULL_CONVERSION = YES;
				CLANG_WARN_OBJC_IMPLICIT_RETAIN_SELF = YES;
				CLANG_WARN_OBJC_LITERAL_CONVERSION = YES;
				CLANG_WARN_OBJC_ROOT_CLASS = YES_ERROR;
				CLANG_WARN_RANGE_LOOP_ANALYSIS = YES;
				CLANG_WARN_STRICT_PROTOTYPES = YES;
				CLANG_WARN_SUSPICIOUS_MOVE = YES;
				CLANG_WARN_UNGUARDED_AVAILABILITY = YES_AGGRESSIVE;
				CLANG_WARN_UNREACHABLE_CODE = YES;
				CLANG_WARN__DUPLICATE_METHOD_MATCH = YES;
				CODE_SIGN_IDENTITY = "iPhone Developer";
				COPY_PHASE_STRIP = NO;
				DEBUG_INFORMATION_FORMAT = dwarf;
				ENABLE_STRICT_OBJC_MSGSEND = YES;
				ENABLE_TESTABILITY = YES;
				GCC_C_LANGUAGE_STANDARD = gnu11;
				GCC_DYNAMIC_NO_PIC = NO;
				GCC_NO_COMMON_BLOCKS = YES;
				GCC_OPTIMIZATION_LEVEL = 0;
				GCC_PREPROCESSOR_DEFINITIONS = (
					"DEBUG=1",
					"$(inherited)",
				);
				GCC_WARN_64_TO_32_BIT_CONVERSION = YES;
				GCC_WARN_ABOUT_RETURN_TYPE = YES_ERROR;
				GCC_WARN_UNDECLARED_SELECTOR = YES;
				GCC_WARN_UNINITIALIZED_AUTOS = YES_AGGRESSIVE;
				GCC_WARN_UNUSED_FUNCTION = YES;
				GCC_WARN_UNUSED_VARIABLE = YES;
				IPHONEOS_DEPLOYMENT_TARGET = 12.2;
				MTL_ENABLE_DEBUG_INFO = INCLUDE_SOURCE;
				MTL_FAST_MATH = YES;
				ONLY_ACTIVE_ARCH = YES;
				SDKROOT = iphoneos;
				SWIFT_ACTIVE_COMPILATION_CONDITIONS = DEBUG;
				SWIFT_OPTIMIZATION_LEVEL = "-Onone";
			};
			name = Debug;
		};
		79D7032E22D7EC4E004957BF /* Release */ = {
			isa = XCBuildConfiguration;
			buildSettings = {
				ALWAYS_SEARCH_USER_PATHS = NO;
				CLANG_ANALYZER_NONNULL = YES;
				CLANG_ANALYZER_NUMBER_OBJECT_CONVERSION = YES_AGGRESSIVE;
				CLANG_CXX_LANGUAGE_STANDARD = "gnu++14";
				CLANG_CXX_LIBRARY = "libc++";
				CLANG_ENABLE_MODULES = YES;
				CLANG_ENABLE_OBJC_ARC = YES;
				CLANG_ENABLE_OBJC_WEAK = YES;
				CLANG_WARN_BLOCK_CAPTURE_AUTORELEASING = YES;
				CLANG_WARN_BOOL_CONVERSION = YES;
				CLANG_WARN_COMMA = YES;
				CLANG_WARN_CONSTANT_CONVERSION = YES;
				CLANG_WARN_DEPRECATED_OBJC_IMPLEMENTATIONS = YES;
				CLANG_WARN_DIRECT_OBJC_ISA_USAGE = YES_ERROR;
				CLANG_WARN_DOCUMENTATION_COMMENTS = YES;
				CLANG_WARN_EMPTY_BODY = YES;
				CLANG_WARN_ENUM_CONVERSION = YES;
				CLANG_WARN_INFINITE_RECURSION = YES;
				CLANG_WARN_INT_CONVERSION = YES;
				CLANG_WARN_NON_LITERAL_NULL_CONVERSION = YES;
				CLANG_WARN_OBJC_IMPLICIT_RETAIN_SELF = YES;
				CLANG_WARN_OBJC_LITERAL_CONVERSION = YES;
				CLANG_WARN_OBJC_ROOT_CLASS = YES_ERROR;
				CLANG_WARN_RANGE_LOOP_ANALYSIS = YES;
				CLANG_WARN_STRICT_PROTOTYPES = YES;
				CLANG_WARN_SUSPICIOUS_MOVE = YES;
				CLANG_WARN_UNGUARDED_AVAILABILITY = YES_AGGRESSIVE;
				CLANG_WARN_UNREACHABLE_CODE = YES;
				CLANG_WARN__DUPLICATE_METHOD_MATCH = YES;
				CODE_SIGN_IDENTITY = "iPhone Developer";
				COPY_PHASE_STRIP = NO;
				DEBUG_INFORMATION_FORMAT = "dwarf-with-dsym";
				ENABLE_NS_ASSERTIONS = NO;
				ENABLE_STRICT_OBJC_MSGSEND = YES;
				GCC_C_LANGUAGE_STANDARD = gnu11;
				GCC_NO_COMMON_BLOCKS = YES;
				GCC_WARN_64_TO_32_BIT_CONVERSION = YES;
				GCC_WARN_ABOUT_RETURN_TYPE = YES_ERROR;
				GCC_WARN_UNDECLARED_SELECTOR = YES;
				GCC_WARN_UNINITIALIZED_AUTOS = YES_AGGRESSIVE;
				GCC_WARN_UNUSED_FUNCTION = YES;
				GCC_WARN_UNUSED_VARIABLE = YES;
				IPHONEOS_DEPLOYMENT_TARGET = 12.2;
				MTL_ENABLE_DEBUG_INFO = NO;
				MTL_FAST_MATH = YES;
				SDKROOT = iphoneos;
				SWIFT_COMPILATION_MODE = wholemodule;
				SWIFT_OPTIMIZATION_LEVEL = "-O";
				VALIDATE_PRODUCT = YES;
			};
			name = Release;
		};
		79D7033022D7EC4E004957BF /* Debug */ = {
			isa = XCBuildConfiguration;
			buildSettings = {
				ASSETCATALOG_COMPILER_APPICON_NAME = AppIcon;
				CLANG_ENABLE_MODULES = YES;
				CODE_SIGN_STYLE = Automatic;
				DEVELOPMENT_TEAM = 8QX6R9ZSUA;
				FRAMEWORK_SEARCH_PATHS = "$(PROJECT_DIR)";
				GCC_PREFIX_HEADER = "$(SRCROOT)/WallsColorDemo/PrefixHeader.pch";
				INFOPLIST_FILE = WallsColorDemo/Info.plist;
				LD_RUNPATH_SEARCH_PATHS = (
					"$(inherited)",
					"@executable_path/Frameworks",
				);
				PRODUCT_BUNDLE_IDENTIFIER = pe.ops.WallsColorDemo;
				PRODUCT_NAME = "$(TARGET_NAME)";
				SWIFT_OBJC_BRIDGING_HEADER = "WallsColorDemo/WallsColorDemo-Bridging-Header.h";
				SWIFT_OPTIMIZATION_LEVEL = "-Onone";
				SWIFT_VERSION = 5.0;
				TARGETED_DEVICE_FAMILY = "1,2";
			};
			name = Debug;
		};
		79D7033122D7EC4E004957BF /* Release */ = {
			isa = XCBuildConfiguration;
			buildSettings = {
				ASSETCATALOG_COMPILER_APPICON_NAME = AppIcon;
				CLANG_ENABLE_MODULES = YES;
				CODE_SIGN_STYLE = Automatic;
				DEVELOPMENT_TEAM = 8QX6R9ZSUA;
				FRAMEWORK_SEARCH_PATHS = "$(PROJECT_DIR)";
				GCC_PREFIX_HEADER = "$(SRCROOT)/WallsColorDemo/PrefixHeader.pch";
				INFOPLIST_FILE = WallsColorDemo/Info.plist;
				LD_RUNPATH_SEARCH_PATHS = (
					"$(inherited)",
					"@executable_path/Frameworks",
				);
				PRODUCT_BUNDLE_IDENTIFIER = pe.ops.WallsColorDemo;
				PRODUCT_NAME = "$(TARGET_NAME)";
				SWIFT_OBJC_BRIDGING_HEADER = "WallsColorDemo/WallsColorDemo-Bridging-Header.h";
				SWIFT_VERSION = 5.0;
				TARGETED_DEVICE_FAMILY = "1,2";
			};
			name = Release;
		};
		79D7033322D7EC4E004957BF /* Debug */ = {
			isa = XCBuildConfiguration;
			buildSettings = {
				ALWAYS_EMBED_SWIFT_STANDARD_LIBRARIES = YES;
				BUNDLE_LOADER = "$(TEST_HOST)";
				CODE_SIGN_STYLE = Automatic;
				DEVELOPMENT_TEAM = 8QX6R9ZSUA;
				INFOPLIST_FILE = WallsColorDemoTests/Info.plist;
				LD_RUNPATH_SEARCH_PATHS = (
					"$(inherited)",
					"@executable_path/Frameworks",
					"@loader_path/Frameworks",
				);
				PRODUCT_BUNDLE_IDENTIFIER = pe.ops.WallsColorDemoTests;
				PRODUCT_NAME = "$(TARGET_NAME)";
				SWIFT_VERSION = 5.0;
				TARGETED_DEVICE_FAMILY = "1,2";
				TEST_HOST = "$(BUILT_PRODUCTS_DIR)/WallsColorDemo.app/WallsColorDemo";
			};
			name = Debug;
		};
		79D7033422D7EC4E004957BF /* Release */ = {
			isa = XCBuildConfiguration;
			buildSettings = {
				ALWAYS_EMBED_SWIFT_STANDARD_LIBRARIES = YES;
				BUNDLE_LOADER = "$(TEST_HOST)";
				CODE_SIGN_STYLE = Automatic;
				DEVELOPMENT_TEAM = 8QX6R9ZSUA;
				INFOPLIST_FILE = WallsColorDemoTests/Info.plist;
				LD_RUNPATH_SEARCH_PATHS = (
					"$(inherited)",
					"@executable_path/Frameworks",
					"@loader_path/Frameworks",
				);
				PRODUCT_BUNDLE_IDENTIFIER = pe.ops.WallsColorDemoTests;
				PRODUCT_NAME = "$(TARGET_NAME)";
				SWIFT_VERSION = 5.0;
				TARGETED_DEVICE_FAMILY = "1,2";
				TEST_HOST = "$(BUILT_PRODUCTS_DIR)/WallsColorDemo.app/WallsColorDemo";
			};
			name = Release;
		};
		79D7033622D7EC4E004957BF /* Debug */ = {
			isa = XCBuildConfiguration;
			buildSettings = {
				ALWAYS_EMBED_SWIFT_STANDARD_LIBRARIES = YES;
				CODE_SIGN_STYLE = Automatic;
				DEVELOPMENT_TEAM = 8QX6R9ZSUA;
				INFOPLIST_FILE = WallsColorDemoUITests/Info.plist;
				LD_RUNPATH_SEARCH_PATHS = (
					"$(inherited)",
					"@executable_path/Frameworks",
					"@loader_path/Frameworks",
				);
				PRODUCT_BUNDLE_IDENTIFIER = pe.ops.WallsColorDemoUITests;
				PRODUCT_NAME = "$(TARGET_NAME)";
				SWIFT_VERSION = 5.0;
				TARGETED_DEVICE_FAMILY = "1,2";
				TEST_TARGET_NAME = WallsColorDemo;
			};
			name = Debug;
		};
		79D7033722D7EC4E004957BF /* Release */ = {
			isa = XCBuildConfiguration;
			buildSettings = {
				ALWAYS_EMBED_SWIFT_STANDARD_LIBRARIES = YES;
				CODE_SIGN_STYLE = Automatic;
				DEVELOPMENT_TEAM = 8QX6R9ZSUA;
				INFOPLIST_FILE = WallsColorDemoUITests/Info.plist;
				LD_RUNPATH_SEARCH_PATHS = (
					"$(inherited)",
					"@executable_path/Frameworks",
					"@loader_path/Frameworks",
				);
				PRODUCT_BUNDLE_IDENTIFIER = pe.ops.WallsColorDemoUITests;
				PRODUCT_NAME = "$(TARGET_NAME)";
				SWIFT_VERSION = 5.0;
				TARGETED_DEVICE_FAMILY = "1,2";
				TEST_TARGET_NAME = WallsColorDemo;
			};
			name = Release;
		};
/* End XCBuildConfiguration section */

/* Begin XCConfigurationList section */
		79D7030222D7EC4B004957BF /* Build configuration list for PBXProject "WallsColorDemo" */ = {
			isa = XCConfigurationList;
			buildConfigurations = (
				79D7032D22D7EC4E004957BF /* Debug */,
				79D7032E22D7EC4E004957BF /* Release */,
			);
			defaultConfigurationIsVisible = 0;
			defaultConfigurationName = Release;
		};
		79D7032F22D7EC4E004957BF /* Build configuration list for PBXNativeTarget "WallsColorDemo" */ = {
			isa = XCConfigurationList;
			buildConfigurations = (
				79D7033022D7EC4E004957BF /* Debug */,
				79D7033122D7EC4E004957BF /* Release */,
			);
			defaultConfigurationIsVisible = 0;
			defaultConfigurationName = Release;
		};
		79D7033222D7EC4E004957BF /* Build configuration list for PBXNativeTarget "WallsColorDemoTests" */ = {
			isa = XCConfigurationList;
			buildConfigurations = (
				79D7033322D7EC4E004957BF /* Debug */,
				79D7033422D7EC4E004957BF /* Release */,
			);
			defaultConfigurationIsVisible = 0;
			defaultConfigurationName = Release;
		};
		79D7033522D7EC4E004957BF /* Build configuration list for PBXNativeTarget "WallsColorDemoUITests" */ = {
			isa = XCConfigurationList;
			buildConfigurations = (
				79D7033622D7EC4E004957BF /* Debug */,
				79D7033722D7EC4E004957BF /* Release */,
			);
			defaultConfigurationIsVisible = 0;
			defaultConfigurationName = Release;
		};
/* End XCConfigurationList section */
	};
	rootObject = 79D702FF22D7EC4B004957BF /* Project object */;
}
